
Microsoft Visual Studio Solution File, Format Version 12.00
# Visual Studio Version 17
VisualStudioVersion = 17.9.34616.47
MinimumVisualStudioVersion = 10.0.40219.1
Project("{9A19103F-16F7-4668-BE54-9A1E7A4F7556}") = "LAB1Malinowski", "LAB1Malinowski.csproj", "{E62D3F97-1CFD-4A3F-BD15-DD197F9D0086}"
EndProject
Project("{9A19103F-16F7-4668-BE54-9A1E7A4F7556}") = "KnapsackProblemTests", "..\KnapsackProblemTests\KnapsackProblemTests.csproj", "{F0AD412D-8FDA-4818-AD2B-B5CD57AC169D}"
EndProject
Global
	GlobalSection(SolutionConfigurationPlatforms) = preSolution
		Debug|Any CPU = Debug|Any CPU
		Release|Any CPU = Release|Any CPU
	EndGlobalSection
	GlobalSection(ProjectConfigurationPlatforms) = postSolution
		{E62D3F97-1CFD-4A3F-BD15-DD197F9D0086}.Debug|Any CPU.ActiveCfg = Debug|Any CPU
		{E62D3F97-1CFD-4A3F-BD15-DD197F9D0086}.Debug|Any CPU.Build.0 = Debug|Any CPU
		{E62D3F97-1CFD-4A3F-BD15-DD197F9D0086}.Release|Any CPU.ActiveCfg = Release|Any CPU
		{E62D3F97-1CFD-4A3F-BD15-DD197F9D0086}.Release|Any CPU.Build.0 = Release|Any CPU
		{F0AD412D-8FDA-4818-AD2B-B5CD57AC169D}.Debug|Any CPU.ActiveCfg = Debug|Any CPU
		{F0AD412D-8FDA-4818-AD2B-B5CD57AC169D}.Debug|Any CPU.Build.0 = Debug|Any CPU
		{F0AD412D-8FDA-4818-AD2B-B5CD57AC169D}.Release|Any CPU.ActiveCfg = Release|Any CPU
		{F0AD412D-8FDA-4818-AD2B-B5CD57AC169D}.Release|Any CPU.Build.0 = Release|Any CPU
	EndGlobalSection
	GlobalSection(SolutionProperties) = preSolution
		HideSolutionNode = FALSE
	EndGlobalSection
	GlobalSection(ExtensibilityGlobals) = postSolution
		SolutionGuid = {E9367024-8C8F-4A57-A602-B133247EC24B}
	EndGlobalSection
EndGlobal
